
Microsoft Visual Studio Solution File, Format Version 12.00
# Visual Studio Version 16
VisualStudioVersion = 16.0.29728.190
MinimumVisualStudioVersion = 10.0.40219.1
Project("{FAE04EC0-301F-11D3-BF4B-00C04F79EFBC}") = "FormEscritor", "FormEscritor\FormEscritor.csproj", "{63A52051-590A-438B-98BD-C8B53E9F3B99}"
EndProject
Global
	GlobalSection(SolutionConfigurationPlatforms) = preSolution
		Debug|Any CPU = Debug|Any CPU
		Release|Any CPU = Release|Any CPU
	EndGlobalSection
	GlobalSection(ProjectConfigurationPlatforms) = postSolution
		{63A52051-590A-438B-98BD-C8B53E9F3B99}.Debug|Any CPU.ActiveCfg = Debug|Any CPU
		{63A52051-590A-438B-98BD-C8B53E9F3B99}.Debug|Any CPU.Build.0 = Debug|Any CPU
		{63A52051-590A-438B-98BD-C8B53E9F3B99}.Release|Any CPU.ActiveCfg = Release|Any CPU
		{63A52051-590A-438B-98BD-C8B53E9F3B99}.Release|Any CPU.Build.0 = Release|Any CPU
	EndGlobalSection
	GlobalSection(SolutionProperties) = preSolution
		HideSolutionNode = FALSE
	EndGlobalSection
	GlobalSection(ExtensibilityGlobals) = postSolution
		SolutionGuid = {9244C378-922B-442B-ACD9-C4670FFC5D88}
	EndGlobalSection
EndGlobal
